// !$*UTF8*$!
{
	archiveVersion = 1;
	classes = {
	};
	objectVersion = 50;
	objects = {

/* Begin PBXBuildFile section */
		BB11E1D92360CA440026C5AF /* PostingStudentLocationResponse.swift in Sources */ = {isa = PBXBuildFile; fileRef = BB11E1D82360CA440026C5AF /* PostingStudentLocationResponse.swift */; };
		BB2456CF23354AB700104581 /* StudentInfoTableViewCell.swift in Sources */ = {isa = PBXBuildFile; fileRef = BB2456CE23354AB700104581 /* StudentInfoTableViewCell.swift */; };
		BB3DC89B22FB50AA0014F44C /* OnTheMapClient.swift in Sources */ = {isa = PBXBuildFile; fileRef = BB3DC89A22FB50AA0014F44C /* OnTheMapClient.swift */; };
		BB45A35C22F928EF0004620E /* AppDelegate.swift in Sources */ = {isa = PBXBuildFile; fileRef = BB45A35B22F928EF0004620E /* AppDelegate.swift */; };
		BB45A35E22F928EF0004620E /* LoginViewController.swift in Sources */ = {isa = PBXBuildFile; fileRef = BB45A35D22F928EF0004620E /* LoginViewController.swift */; };
		BB45A36122F928EF0004620E /* Main.storyboard in Resources */ = {isa = PBXBuildFile; fileRef = BB45A35F22F928EF0004620E /* Main.storyboard */; };
		BB45A36322F928F00004620E /* Assets.xcassets in Resources */ = {isa = PBXBuildFile; fileRef = BB45A36222F928F00004620E /* Assets.xcassets */; };
		BB45A36622F928F00004620E /* LaunchScreen.storyboard in Resources */ = {isa = PBXBuildFile; fileRef = BB45A36422F928F00004620E /* LaunchScreen.storyboard */; };
		BB4A7E2223590AE200C6A229 /* PublicUserDataGenResponse.swift in Sources */ = {isa = PBXBuildFile; fileRef = BB4A7E2123590AE200C6A229 /* PublicUserDataGenResponse.swift */; };
		BB5134E923202E2B00525E66 /* LoginCredentials.swift in Sources */ = {isa = PBXBuildFile; fileRef = BB5134E823202E2B00525E66 /* LoginCredentials.swift */; };
		BB527C3A233E83540088F269 /* LocationCoordinatesModel.swift in Sources */ = {isa = PBXBuildFile; fileRef = BB527C39233E83540088F269 /* LocationCoordinatesModel.swift */; };
		BB71011C233321E500E4A7DA /* StudentInfoTableViewController.swift in Sources */ = {isa = PBXBuildFile; fileRef = BB71011B233321E500E4A7DA /* StudentInfoTableViewController.swift */; };
		BB7AD6DE232FFB1600AD5DF5 /* StudentInformation.swift in Sources */ = {isa = PBXBuildFile; fileRef = BB7AD6DD232FFB1600AD5DF5 /* StudentInformation.swift */; };
		BB7F9B842316FA4A0099E486 /* LoginRequest.swift in Sources */ = {isa = PBXBuildFile; fileRef = BB7F9B832316FA4A0099E486 /* LoginRequest.swift */; };
		BB910F7E2333FDD5002F63F4 /* StudentModel.swift in Sources */ = {isa = PBXBuildFile; fileRef = BB910F7D2333FDD5002F63F4 /* StudentModel.swift */; };
		BB96AAF9237B4D3A0015EEC7 /* AddLocViewController.swift in Sources */ = {isa = PBXBuildFile; fileRef = BB96AAF8237B4D3A0015EEC7 /* AddLocViewController.swift */; };
		BB9F0D1E2339BF4D009D2EF9 /* StudentLocationMapViewController.swift in Sources */ = {isa = PBXBuildFile; fileRef = BB9F0D1D2339BF4D009D2EF9 /* StudentLocationMapViewController.swift */; };
		BBB21098231ED5800068C77E /* AccountResponse.swift in Sources */ = {isa = PBXBuildFile; fileRef = BBB21097231ED5800068C77E /* AccountResponse.swift */; };
		BBB2109A231ED61C0068C77E /* SessionResponse.swift in Sources */ = {isa = PBXBuildFile; fileRef = BBB21099231ED61C0068C77E /* SessionResponse.swift */; };
		BBBBFBB0230F0B070055A7D6 /* OTMResponse.swift in Sources */ = {isa = PBXBuildFile; fileRef = BBBBFBAF230F0B070055A7D6 /* OTMResponse.swift */; };
		BBC08D472342FD9D009D34E3 /* LoggedInUserInfo.swift in Sources */ = {isa = PBXBuildFile; fileRef = BBC08D462342FD9D009D34E3 /* LoggedInUserInfo.swift */; };
		BBC08D492342FE20009D34E3 /* PostingStudentLocationRequest.swift in Sources */ = {isa = PBXBuildFile; fileRef = BBC08D482342FE20009D34E3 /* PostingStudentLocationRequest.swift */; };
		BBC32E602331541200FCD54B /* StudentInformationResults.swift in Sources */ = {isa = PBXBuildFile; fileRef = BBC32E5F2331541200FCD54B /* StudentInformationResults.swift */; };
		BBD215652319C28D000F7A16 /* LoginResponse.swift in Sources */ = {isa = PBXBuildFile; fileRef = BBD215642319C28D000F7A16 /* LoginResponse.swift */; };
/* End PBXBuildFile section */

/* Begin PBXFileReference section */
		BB11E1D82360CA440026C5AF /* PostingStudentLocationResponse.swift */ = {isa = PBXFileReference; lastKnownFileType = sourcecode.swift; path = PostingStudentLocationResponse.swift; sourceTree = "<group>"; };
		BB2456CE23354AB700104581 /* StudentInfoTableViewCell.swift */ = {isa = PBXFileReference; lastKnownFileType = sourcecode.swift; path = StudentInfoTableViewCell.swift; sourceTree = "<group>"; };
		BB3DC89A22FB50AA0014F44C /* OnTheMapClient.swift */ = {isa = PBXFileReference; lastKnownFileType = sourcecode.swift; path = OnTheMapClient.swift; sourceTree = "<group>"; };
		BB45A35822F928EF0004620E /* OnTheMapRoniR.app */ = {isa = PBXFileReference; explicitFileType = wrapper.application; includeInIndex = 0; path = OnTheMapRoniR.app; sourceTree = BUILT_PRODUCTS_DIR; };
		BB45A35B22F928EF0004620E /* AppDelegate.swift */ = {isa = PBXFileReference; lastKnownFileType = sourcecode.swift; path = AppDelegate.swift; sourceTree = "<group>"; };
		BB45A35D22F928EF0004620E /* LoginViewController.swift */ = {isa = PBXFileReference; lastKnownFileType = sourcecode.swift; path = LoginViewController.swift; sourceTree = "<group>"; };
		BB45A36022F928EF0004620E /* Base */ = {isa = PBXFileReference; lastKnownFileType = file.storyboard; name = Base; path = Base.lproj/Main.storyboard; sourceTree = "<group>"; };
		BB45A36222F928F00004620E /* Assets.xcassets */ = {isa = PBXFileReference; lastKnownFileType = folder.assetcatalog; path = Assets.xcassets; sourceTree = "<group>"; };
		BB45A36522F928F00004620E /* Base */ = {isa = PBXFileReference; lastKnownFileType = file.storyboard; name = Base; path = Base.lproj/LaunchScreen.storyboard; sourceTree = "<group>"; };
		BB45A36722F928F00004620E /* Info.plist */ = {isa = PBXFileReference; lastKnownFileType = text.plist.xml; path = Info.plist; sourceTree = "<group>"; };
		BB4A7E2123590AE200C6A229 /* PublicUserDataGenResponse.swift */ = {isa = PBXFileReference; lastKnownFileType = sourcecode.swift; path = PublicUserDataGenResponse.swift; sourceTree = "<group>"; };
		BB5134E823202E2B00525E66 /* LoginCredentials.swift */ = {isa = PBXFileReference; lastKnownFileType = sourcecode.swift; path = LoginCredentials.swift; sourceTree = "<group>"; };
		BB527C39233E83540088F269 /* LocationCoordinatesModel.swift */ = {isa = PBXFileReference; lastKnownFileType = sourcecode.swift; path = LocationCoordinatesModel.swift; sourceTree = "<group>"; };
		BB71011B233321E500E4A7DA /* StudentInfoTableViewController.swift */ = {isa = PBXFileReference; lastKnownFileType = sourcecode.swift; path = StudentInfoTableViewController.swift; sourceTree = "<group>"; };
		BB7AD6DD232FFB1600AD5DF5 /* StudentInformation.swift */ = {isa = PBXFileReference; lastKnownFileType = sourcecode.swift; path = StudentInformation.swift; sourceTree = "<group>"; };
		BB7F9B832316FA4A0099E486 /* LoginRequest.swift */ = {isa = PBXFileReference; lastKnownFileType = sourcecode.swift; path = LoginRequest.swift; sourceTree = "<group>"; };
		BB910F7D2333FDD5002F63F4 /* StudentModel.swift */ = {isa = PBXFileReference; lastKnownFileType = sourcecode.swift; path = StudentModel.swift; sourceTree = "<group>"; };
		BB96AAF8237B4D3A0015EEC7 /* AddLocViewController.swift */ = {isa = PBXFileReference; lastKnownFileType = sourcecode.swift; path = AddLocViewController.swift; sourceTree = "<group>"; };
		BB9F0D1D2339BF4D009D2EF9 /* StudentLocationMapViewController.swift */ = {isa = PBXFileReference; lastKnownFileType = sourcecode.swift; path = StudentLocationMapViewController.swift; sourceTree = "<group>"; };
		BBB21097231ED5800068C77E /* AccountResponse.swift */ = {isa = PBXFileReference; lastKnownFileType = sourcecode.swift; path = AccountResponse.swift; sourceTree = "<group>"; };
		BBB21099231ED61C0068C77E /* SessionResponse.swift */ = {isa = PBXFileReference; lastKnownFileType = sourcecode.swift; path = SessionResponse.swift; sourceTree = "<group>"; };
		BBBBFBAF230F0B070055A7D6 /* OTMResponse.swift */ = {isa = PBXFileReference; lastKnownFileType = sourcecode.swift; path = OTMResponse.swift; sourceTree = "<group>"; };
		BBC08D462342FD9D009D34E3 /* LoggedInUserInfo.swift */ = {isa = PBXFileReference; lastKnownFileType = sourcecode.swift; path = LoggedInUserInfo.swift; sourceTree = "<group>"; };
		BBC08D482342FE20009D34E3 /* PostingStudentLocationRequest.swift */ = {isa = PBXFileReference; lastKnownFileType = sourcecode.swift; path = PostingStudentLocationRequest.swift; sourceTree = "<group>"; };
		BBC32E5F2331541200FCD54B /* StudentInformationResults.swift */ = {isa = PBXFileReference; lastKnownFileType = sourcecode.swift; path = StudentInformationResults.swift; sourceTree = "<group>"; };
		BBD215642319C28D000F7A16 /* LoginResponse.swift */ = {isa = PBXFileReference; lastKnownFileType = sourcecode.swift; path = LoginResponse.swift; sourceTree = "<group>"; };
/* End PBXFileReference section */

/* Begin PBXFrameworksBuildPhase section */
		BB45A35522F928EF0004620E /* Frameworks */ = {
			isa = PBXFrameworksBuildPhase;
			buildActionMask = 2147483647;
			files = (
			);
			runOnlyForDeploymentPostprocessing = 0;
		};
/* End PBXFrameworksBuildPhase section */

/* Begin PBXGroup section */
		BB45A34F22F928EE0004620E = {
			isa = PBXGroup;
			children = (
				BB45A35A22F928EF0004620E /* OnTheMapRoniR */,
				BB45A35922F928EF0004620E /* Products */,
			);
			sourceTree = "<group>";
		};
		BB45A35922F928EF0004620E /* Products */ = {
			isa = PBXGroup;
			children = (
				BB45A35822F928EF0004620E /* OnTheMapRoniR.app */,
			);
			name = Products;
			sourceTree = "<group>";
		};
		BB45A35A22F928EF0004620E /* OnTheMapRoniR */ = {
			isa = PBXGroup;
			children = (
				BB45A37022F92AB40004620E /* Assets */,
				BB45A36F22F929720004620E /* Controller */,
				BB45A36E22F9296C0004620E /* View */,
				BB45A36D22F929620004620E /* Model */,
				BB45A35B22F928EF0004620E /* AppDelegate.swift */,
				BB45A36722F928F00004620E /* Info.plist */,
			);
			path = OnTheMapRoniR;
			sourceTree = "<group>";
		};
		BB45A36D22F929620004620E /* Model */ = {
			isa = PBXGroup;
			children = (
				BB910F7C2333FDBE002F63F4 /* Data */,
				BB7F9B822316FA210099E486 /* OnTheMap Requests */,
				BBBBFBAE230F0ADC0055A7D6 /* OnTheMap Responses */,
				BBC9799E22FA761E009916AA /* OnTheMap Client */,
			);
			path = Model;
			sourceTree = "<group>";
		};
		BB45A36E22F9296C0004620E /* View */ = {
			isa = PBXGroup;
			children = (
				BB2456CE23354AB700104581 /* StudentInfoTableViewCell.swift */,
			);
			path = View;
			sourceTree = "<group>";
		};
		BB45A36F22F929720004620E /* Controller */ = {
			isa = PBXGroup;
			children = (
				BB45A35D22F928EF0004620E /* LoginViewController.swift */,
				BB45A36422F928F00004620E /* LaunchScreen.storyboard */,
				BB71011B233321E500E4A7DA /* StudentInfoTableViewController.swift */,
				BB9F0D1D2339BF4D009D2EF9 /* StudentLocationMapViewController.swift */,
				BB96AAF8237B4D3A0015EEC7 /* AddLocViewController.swift */,
			);
			path = Controller;
			sourceTree = "<group>";
		};
		BB45A37022F92AB40004620E /* Assets */ = {
			isa = PBXGroup;
			children = (
				BB45A35F22F928EF0004620E /* Main.storyboard */,
				BB45A36222F928F00004620E /* Assets.xcassets */,
			);
			path = Assets;
			sourceTree = "<group>";
		};
		BB7F9B822316FA210099E486 /* OnTheMap Requests */ = {
			isa = PBXGroup;
			children = (
				BBC08D482342FE20009D34E3 /* PostingStudentLocationRequest.swift */,
				BB7F9B832316FA4A0099E486 /* LoginRequest.swift */,
			);
			path = "OnTheMap Requests";
			sourceTree = "<group>";
		};
		BB910F7C2333FDBE002F63F4 /* Data */ = {
			isa = PBXGroup;
			children = (
				BB910F7D2333FDD5002F63F4 /* StudentModel.swift */,
				BB527C39233E83540088F269 /* LocationCoordinatesModel.swift */,
				BBC08D462342FD9D009D34E3 /* LoggedInUserInfo.swift */,
			);
			path = Data;
			sourceTree = "<group>";
		};
		BBBBFBAE230F0ADC0055A7D6 /* OnTheMap Responses */ = {
			isa = PBXGroup;
			children = (
				BBBBFBAF230F0B070055A7D6 /* OTMResponse.swift */,
				BBD215642319C28D000F7A16 /* LoginResponse.swift */,
				BBB21097231ED5800068C77E /* AccountResponse.swift */,
				BBB21099231ED61C0068C77E /* SessionResponse.swift */,
				BB5134E823202E2B00525E66 /* LoginCredentials.swift */,
				BB7AD6DD232FFB1600AD5DF5 /* StudentInformation.swift */,
				BBC32E5F2331541200FCD54B /* StudentInformationResults.swift */,
				BB4A7E2123590AE200C6A229 /* PublicUserDataGenResponse.swift */,
				BB11E1D82360CA440026C5AF /* PostingStudentLocationResponse.swift */,
			);
			path = "OnTheMap Responses";
			sourceTree = "<group>";
		};
		BBC9799E22FA761E009916AA /* OnTheMap Client */ = {
			isa = PBXGroup;
			children = (
				BB3DC89A22FB50AA0014F44C /* OnTheMapClient.swift */,
			);
			path = "OnTheMap Client";
			sourceTree = "<group>";
		};
/* End PBXGroup section */

/* Begin PBXNativeTarget section */
		BB45A35722F928EF0004620E /* OnTheMapRoniR */ = {
			isa = PBXNativeTarget;
			buildConfigurationList = BB45A36A22F928F00004620E /* Build configuration list for PBXNativeTarget "OnTheMapRoniR" */;
			buildPhases = (
				BB45A35422F928EF0004620E /* Sources */,
				BB45A35522F928EF0004620E /* Frameworks */,
				BB45A35622F928EF0004620E /* Resources */,
			);
			buildRules = (
			);
			dependencies = (
			);
			name = OnTheMapRoniR;
			productName = OnTheMapRoniR;
			productReference = BB45A35822F928EF0004620E /* OnTheMapRoniR.app */;
			productType = "com.apple.product-type.application";
		};
/* End PBXNativeTarget section */

/* Begin PBXProject section */
		BB45A35022F928EE0004620E /* Project object */ = {
			isa = PBXProject;
			attributes = {
				LastSwiftUpdateCheck = 1030;
				LastUpgradeCheck = 1030;
				ORGANIZATIONNAME = dinatech;
				TargetAttributes = {
					BB45A35722F928EF0004620E = {
						CreatedOnToolsVersion = 10.3;
					};
				};
			};
			buildConfigurationList = BB45A35322F928EE0004620E /* Build configuration list for PBXProject "OnTheMapRoniR" */;
			compatibilityVersion = "Xcode 9.3";
			developmentRegion = en;
			hasScannedForEncodings = 0;
			knownRegions = (
				en,
				Base,
			);
			mainGroup = BB45A34F22F928EE0004620E;
			productRefGroup = BB45A35922F928EF0004620E /* Products */;
			projectDirPath = "";
			projectRoot = "";
			targets = (
				BB45A35722F928EF0004620E /* OnTheMapRoniR */,
			);
		};
/* End PBXProject section */

/* Begin PBXResourcesBuildPhase section */
		BB45A35622F928EF0004620E /* Resources */ = {
			isa = PBXResourcesBuildPhase;
			buildActionMask = 2147483647;
			files = (
				BB45A36622F928F00004620E /* LaunchScreen.storyboard in Resources */,
				BB45A36322F928F00004620E /* Assets.xcassets in Resources */,
				BB45A36122F928EF0004620E /* Main.storyboard in Resources */,
			);
			runOnlyForDeploymentPostprocessing = 0;
		};
/* End PBXResourcesBuildPhase section */

/* Begin PBXSourcesBuildPhase section */
		BB45A35422F928EF0004620E /* Sources */ = {
			isa = PBXSourcesBuildPhase;
			buildActionMask = 2147483647;
			files = (
				BBC32E602331541200FCD54B /* StudentInformationResults.swift in Sources */,
				BB5134E923202E2B00525E66 /* LoginCredentials.swift in Sources */,
				BB3DC89B22FB50AA0014F44C /* OnTheMapClient.swift in Sources */,
				BB45A35E22F928EF0004620E /* LoginViewController.swift in Sources */,
				BBC08D492342FE20009D34E3 /* PostingStudentLocationRequest.swift in Sources */,
				BBD215652319C28D000F7A16 /* LoginResponse.swift in Sources */,
				BB71011C233321E500E4A7DA /* StudentInfoTableViewController.swift in Sources */,
				BB96AAF9237B4D3A0015EEC7 /* AddLocViewController.swift in Sources */,
				BB910F7E2333FDD5002F63F4 /* StudentModel.swift in Sources */,
				BBB2109A231ED61C0068C77E /* SessionResponse.swift in Sources */,
				BB45A35C22F928EF0004620E /* AppDelegate.swift in Sources */,
				BB7F9B842316FA4A0099E486 /* LoginRequest.swift in Sources */,
				BB527C3A233E83540088F269 /* LocationCoordinatesModel.swift in Sources */,
				BBB21098231ED5800068C77E /* AccountResponse.swift in Sources */,
				BB7AD6DE232FFB1600AD5DF5 /* StudentInformation.swift in Sources */,
				BBBBFBB0230F0B070055A7D6 /* OTMResponse.swift in Sources */,
				BB11E1D92360CA440026C5AF /* PostingStudentLocationResponse.swift in Sources */,
				BBC08D472342FD9D009D34E3 /* LoggedInUserInfo.swift in Sources */,
				BB9F0D1E2339BF4D009D2EF9 /* StudentLocationMapViewController.swift in Sources */,
				BB4A7E2223590AE200C6A229 /* PublicUserDataGenResponse.swift in Sources */,
				BB2456CF23354AB700104581 /* StudentInfoTableViewCell.swift in Sources */,
			);
			runOnlyForDeploymentPostprocessing = 0;
		};
/* End PBXSourcesBuildPhase section */

/* Begin PBXVariantGroup section */
		BB45A35F22F928EF0004620E /* Main.storyboard */ = {
			isa = PBXVariantGroup;
			children = (
				BB45A36022F928EF0004620E /* Base */,
			);
			name = Main.storyboard;
			sourceTree = "<group>";
		};
		BB45A36422F928F00004620E /* LaunchScreen.storyboard */ = {
			isa = PBXVariantGroup;
			children = (
				BB45A36522F928F00004620E /* Base */,
			);
			name = LaunchScreen.storyboard;
			sourceTree = "<group>";
		};
/* End PBXVariantGroup section */

/* Begin XCBuildConfiguration section */
		BB45A36822F928F00004620E /* Debug */ = {
			isa = XCBuildConfiguration;
			buildSettings = {
				ALWAYS_SEARCH_USER_PATHS = NO;
				CLANG_ANALYZER_NONNULL = YES;
				CLANG_ANALYZER_NUMBER_OBJECT_CONVERSION = YES_AGGRESSIVE;
				CLANG_CXX_LANGUAGE_STANDARD = "gnu++14";
				CLANG_CXX_LIBRARY = "libc++";
				CLANG_ENABLE_MODULES = YES;
				CLANG_ENABLE_OBJC_ARC = YES;
				CLANG_ENABLE_OBJC_WEAK = YES;
				CLANG_WARN_BLOCK_CAPTURE_AUTORELEASING = YES;
				CLANG_WARN_BOOL_CONVERSION = YES;
				CLANG_WARN_COMMA = YES;
				CLANG_WARN_CONSTANT_CONVERSION = YES;
				CLANG_WARN_DEPRECATED_OBJC_IMPLEMENTATIONS = YES;
				CLANG_WARN_DIRECT_OBJC_ISA_USAGE = YES_ERROR;
				CLANG_WARN_DOCUMENTATION_COMMENTS = YES;
				CLANG_WARN_EMPTY_BODY = YES;
				CLANG_WARN_ENUM_CONVERSION = YES;
				CLANG_WARN_INFINITE_RECURSION = YES;
				CLANG_WARN_INT_CONVERSION = YES;
				CLANG_WARN_NON_LITERAL_NULL_CONVERSION = YES;
				CLANG_WARN_OBJC_IMPLICIT_RETAIN_SELF = YES;
				CLANG_WARN_OBJC_LITERAL_CONVERSION = YES;
				CLANG_WARN_OBJC_ROOT_CLASS = YES_ERROR;
				CLANG_WARN_RANGE_LOOP_ANALYSIS = YES;
				CLANG_WARN_STRICT_PROTOTYPES = YES;
				CLANG_WARN_SUSPICIOUS_MOVE = YES;
				CLANG_WARN_UNGUARDED_AVAILABILITY = YES_AGGRESSIVE;
				CLANG_WARN_UNREACHABLE_CODE = YES;
				CLANG_WARN__DUPLICATE_METHOD_MATCH = YES;
				CODE_SIGN_IDENTITY = "iPhone Developer";
				COPY_PHASE_STRIP = NO;
				DEBUG_INFORMATION_FORMAT = dwarf;
				ENABLE_STRICT_OBJC_MSGSEND = YES;
				ENABLE_TESTABILITY = YES;
				GCC_C_LANGUAGE_STANDARD = gnu11;
				GCC_DYNAMIC_NO_PIC = NO;
				GCC_NO_COMMON_BLOCKS = YES;
				GCC_OPTIMIZATION_LEVEL = 0;
				GCC_PREPROCESSOR_DEFINITIONS = (
					"DEBUG=1",
					"$(inherited)",
				);
				GCC_WARN_64_TO_32_BIT_CONVERSION = YES;
				GCC_WARN_ABOUT_RETURN_TYPE = YES_ERROR;
				GCC_WARN_UNDECLARED_SELECTOR = YES;
				GCC_WARN_UNINITIALIZED_AUTOS = YES_AGGRESSIVE;
				GCC_WARN_UNUSED_FUNCTION = YES;
				GCC_WARN_UNUSED_VARIABLE = YES;
				IPHONEOS_DEPLOYMENT_TARGET = 12.4;
				MTL_ENABLE_DEBUG_INFO = INCLUDE_SOURCE;
				MTL_FAST_MATH = YES;
				ONLY_ACTIVE_ARCH = YES;
				SDKROOT = iphoneos;
				SWIFT_ACTIVE_COMPILATION_CONDITIONS = DEBUG;
				SWIFT_OPTIMIZATION_LEVEL = "-Onone";
			};
			name = Debug;
		};
		BB45A36922F928F00004620E /* Release */ = {
			isa = XCBuildConfiguration;
			buildSettings = {
				ALWAYS_SEARCH_USER_PATHS = NO;
				CLANG_ANALYZER_NONNULL = YES;
				CLANG_ANALYZER_NUMBER_OBJECT_CONVERSION = YES_AGGRESSIVE;
				CLANG_CXX_LANGUAGE_STANDARD = "gnu++14";
				CLANG_CXX_LIBRARY = "libc++";
				CLANG_ENABLE_MODULES = YES;
				CLANG_ENABLE_OBJC_ARC = YES;
				CLANG_ENABLE_OBJC_WEAK = YES;
				CLANG_WARN_BLOCK_CAPTURE_AUTORELEASING = YES;
				CLANG_WARN_BOOL_CONVERSION = YES;
				CLANG_WARN_COMMA = YES;
				CLANG_WARN_CONSTANT_CONVERSION = YES;
				CLANG_WARN_DEPRECATED_OBJC_IMPLEMENTATIONS = YES;
				CLANG_WARN_DIRECT_OBJC_ISA_USAGE = YES_ERROR;
				CLANG_WARN_DOCUMENTATION_COMMENTS = YES;
				CLANG_WARN_EMPTY_BODY = YES;
				CLANG_WARN_ENUM_CONVERSION = YES;
				CLANG_WARN_INFINITE_RECURSION = YES;
				CLANG_WARN_INT_CONVERSION = YES;
				CLANG_WARN_NON_LITERAL_NULL_CONVERSION = YES;
				CLANG_WARN_OBJC_IMPLICIT_RETAIN_SELF = YES;
				CLANG_WARN_OBJC_LITERAL_CONVERSION = YES;
				CLANG_WARN_OBJC_ROOT_CLASS = YES_ERROR;
				CLANG_WARN_RANGE_LOOP_ANALYSIS = YES;
				CLANG_WARN_STRICT_PROTOTYPES = YES;
				CLANG_WARN_SUSPICIOUS_MOVE = YES;
				CLANG_WARN_UNGUARDED_AVAILABILITY = YES_AGGRESSIVE;
				CLANG_WARN_UNREACHABLE_CODE = YES;
				CLANG_WARN__DUPLICATE_METHOD_MATCH = YES;
				CODE_SIGN_IDENTITY = "iPhone Developer";
				COPY_PHASE_STRIP = NO;
				DEBUG_INFORMATION_FORMAT = "dwarf-with-dsym";
				ENABLE_NS_ASSERTIONS = NO;
				ENABLE_STRICT_OBJC_MSGSEND = YES;
				GCC_C_LANGUAGE_STANDARD = gnu11;
				GCC_NO_COMMON_BLOCKS = YES;
				GCC_WARN_64_TO_32_BIT_CONVERSION = YES;
				GCC_WARN_ABOUT_RETURN_TYPE = YES_ERROR;
				GCC_WARN_UNDECLARED_SELECTOR = YES;
				GCC_WARN_UNINITIALIZED_AUTOS = YES_AGGRESSIVE;
				GCC_WARN_UNUSED_FUNCTION = YES;
				GCC_WARN_UNUSED_VARIABLE = YES;
				IPHONEOS_DEPLOYMENT_TARGET = 12.4;
				MTL_ENABLE_DEBUG_INFO = NO;
				MTL_FAST_MATH = YES;
				SDKROOT = iphoneos;
				SWIFT_COMPILATION_MODE = wholemodule;
				SWIFT_OPTIMIZATION_LEVEL = "-O";
				VALIDATE_PRODUCT = YES;
			};
			name = Release;
		};
		BB45A36B22F928F00004620E /* Debug */ = {
			isa = XCBuildConfiguration;
			buildSettings = {
				ASSETCATALOG_COMPILER_APPICON_NAME = AppIcon;
				CODE_SIGN_STYLE = Automatic;
				DEVELOPMENT_TEAM = 7BKD9D9T22;
				INFOPLIST_FILE = OnTheMapRoniR/Info.plist;
				IPHONEOS_DEPLOYMENT_TARGET = 12.0;
				LD_RUNPATH_SEARCH_PATHS = (
					"$(inherited)",
					"@executable_path/Frameworks",
				);
				PRODUCT_BUNDLE_IDENTIFIER = dtech.OnTheMapRoniR;
				PRODUCT_NAME = "$(TARGET_NAME)";
				SWIFT_VERSION = 5.0;
				TARGETED_DEVICE_FAMILY = 1;
			};
			name = Debug;
		};
		BB45A36C22F928F00004620E /* Release */ = {
			isa = XCBuildConfiguration;
			buildSettings = {
				ASSETCATALOG_COMPILER_APPICON_NAME = AppIcon;
				CODE_SIGN_STYLE = Automatic;
				DEVELOPMENT_TEAM = 7BKD9D9T22;
				INFOPLIST_FILE = OnTheMapRoniR/Info.plist;
				IPHONEOS_DEPLOYMENT_TARGET = 12.0;
				LD_RUNPATH_SEARCH_PATHS = (
					"$(inherited)",
					"@executable_path/Frameworks",
				);
				PRODUCT_BUNDLE_IDENTIFIER = dtech.OnTheMapRoniR;
				PRODUCT_NAME = "$(TARGET_NAME)";
				SWIFT_VERSION = 5.0;
				TARGETED_DEVICE_FAMILY = 1;
			};
			name = Release;
		};
/* End XCBuildConfiguration section */

/* Begin XCConfigurationList section */
		BB45A35322F928EE0004620E /* Build configuration list for PBXProject "OnTheMapRoniR" */ = {
			isa = XCConfigurationList;
			buildConfigurations = (
				BB45A36822F928F00004620E /* Debug */,
				BB45A36922F928F00004620E /* Release */,
			);
			defaultConfigurationIsVisible = 0;
			defaultConfigurationName = Release;
		};
		BB45A36A22F928F00004620E /* Build configuration list for PBXNativeTarget "OnTheMapRoniR" */ = {
			isa = XCConfigurationList;
			buildConfigurations = (
				BB45A36B22F928F00004620E /* Debug */,
				BB45A36C22F928F00004620E /* Release */,
			);
			defaultConfigurationIsVisible = 0;
			defaultConfigurationName = Release;
		};
/* End XCConfigurationList section */
	};
	rootObject = BB45A35022F928EE0004620E /* Project object */;
}
